
Microsoft Visual Studio Solution File, Format Version 12.00
# Visual Studio Version 17
VisualStudioVersion = 17.7.34009.444
MinimumVisualStudioVersion = 10.0.40219.1
Project("{FAE04EC0-301F-11D3-BF4B-00C04F79EFBC}") = "24Wellness", "24Wellness.csproj", "{3C28D5C7-72E1-4BAF-BD53-F95A340EA79B}"
EndProject
Global
	GlobalSection(SolutionConfigurationPlatforms) = preSolution
		Debug|Any CPU = Debug|Any CPU
		Release|Any CPU = Release|Any CPU
	EndGlobalSection
	GlobalSection(ProjectConfigurationPlatforms) = postSolution
		{3C28D5C7-72E1-4BAF-BD53-F95A340EA79B}.Debug|Any CPU.ActiveCfg = Debug|Any CPU
		{3C28D5C7-72E1-4BAF-BD53-F95A340EA79B}.Debug|Any CPU.Build.0 = Debug|Any CPU
		{3C28D5C7-72E1-4BAF-BD53-F95A340EA79B}.Release|Any CPU.ActiveCfg = Release|Any CPU
		{3C28D5C7-72E1-4BAF-BD53-F95A340EA79B}.Release|Any CPU.Build.0 = Release|Any CPU
	EndGlobalSection
	GlobalSection(SolutionProperties) = preSolution
		HideSolutionNode = FALSE
	EndGlobalSection
	GlobalSection(ExtensibilityGlobals) = postSolution
		SolutionGuid = {36C4620A-16A8-41B0-9248-0AB0EB2C38C9}
	EndGlobalSection
EndGlobal
