
Microsoft Visual Studio Solution File, Format Version 12.00
# Visual Studio Version 17
VisualStudioVersion = 17.6.33829.357
MinimumVisualStudioVersion = 10.0.40219.1
Project("{FAE04EC0-301F-11D3-BF4B-00C04F79EFBC}") = "TennisWeb", "TennisWeb.csproj", "{ACF67D88-F98E-4FAC-B5BB-C03CD38973BE}"
EndProject
Global
	GlobalSection(SolutionConfigurationPlatforms) = preSolution
		Debug|Any CPU = Debug|Any CPU
		Release|Any CPU = Release|Any CPU
	EndGlobalSection
	GlobalSection(ProjectConfigurationPlatforms) = postSolution
		{ACF67D88-F98E-4FAC-B5BB-C03CD38973BE}.Debug|Any CPU.ActiveCfg = Debug|Any CPU
		{ACF67D88-F98E-4FAC-B5BB-C03CD38973BE}.Debug|Any CPU.Build.0 = Debug|Any CPU
		{ACF67D88-F98E-4FAC-B5BB-C03CD38973BE}.Release|Any CPU.ActiveCfg = Release|Any CPU
		{ACF67D88-F98E-4FAC-B5BB-C03CD38973BE}.Release|Any CPU.Build.0 = Release|Any CPU
	EndGlobalSection
	GlobalSection(SolutionProperties) = preSolution
		HideSolutionNode = FALSE
	EndGlobalSection
	GlobalSection(ExtensibilityGlobals) = postSolution
		SolutionGuid = {2B34E983-77DC-49AB-88EB-8A4F2C6D99CC}
	EndGlobalSection
EndGlobal
